
Microsoft Visual Studio Solution File, Format Version 12.00
# Visual Studio Version 17
VisualStudioVersion = 17.7.34031.279
MinimumVisualStudioVersion = 10.0.40219.1
Project("{9A19103F-16F7-4668-BE54-9A1E7A4F7556}") = "TinyParseTests", "TinyParseTests\TinyParseTests.csproj", "{11B9CA6E-81D5-4430-8E73-34838717FA77}"
EndProject
Project("{2150E333-8FDC-42A3-9474-1A3956D46DE8}") = "Solution Items", "Solution Items", "{5061171D-0BF9-4CEF-8AC6-106801A3B9FF}"
	ProjectSection(SolutionItems) = preProject
		LICENSE.txt = LICENSE.txt
		README.md = README.md
	EndProjectSection
EndProject
Project("{9A19103F-16F7-4668-BE54-9A1E7A4F7556}") = "TinyParse", "TinyParse\TinyParse.csproj", "{4C72AF61-2A27-4610-A0CE-41FB0843E1AE}"
EndProject
Global
	GlobalSection(SolutionConfigurationPlatforms) = preSolution
		Debug|Any CPU = Debug|Any CPU
		Release|Any CPU = Release|Any CPU
	EndGlobalSection
	GlobalSection(ProjectConfigurationPlatforms) = postSolution
		{11B9CA6E-81D5-4430-8E73-34838717FA77}.Debug|Any CPU.ActiveCfg = Debug|Any CPU
		{11B9CA6E-81D5-4430-8E73-34838717FA77}.Debug|Any CPU.Build.0 = Debug|Any CPU
		{11B9CA6E-81D5-4430-8E73-34838717FA77}.Release|Any CPU.ActiveCfg = Release|Any CPU
		{11B9CA6E-81D5-4430-8E73-34838717FA77}.Release|Any CPU.Build.0 = Release|Any CPU
		{4C72AF61-2A27-4610-A0CE-41FB0843E1AE}.Debug|Any CPU.ActiveCfg = Debug|Any CPU
		{4C72AF61-2A27-4610-A0CE-41FB0843E1AE}.Debug|Any CPU.Build.0 = Debug|Any CPU
		{4C72AF61-2A27-4610-A0CE-41FB0843E1AE}.Release|Any CPU.ActiveCfg = Release|Any CPU
		{4C72AF61-2A27-4610-A0CE-41FB0843E1AE}.Release|Any CPU.Build.0 = Release|Any CPU
	EndGlobalSection
	GlobalSection(SolutionProperties) = preSolution
		HideSolutionNode = FALSE
	EndGlobalSection
	GlobalSection(ExtensibilityGlobals) = postSolution
		SolutionGuid = {E52CABA8-9FB5-444E-A3C8-4705989EF57A}
	EndGlobalSection
EndGlobal
